// !$*UTF8*$!
{
	archiveVersion = 1;
	classes = {
	};
	objectVersion = 46;
	objects = {

/* Begin PBXBuildFile section */
		B76B78121D281C7C0093657C /* q013-roman-to-integer.swift in Sources */ = {isa = PBXBuildFile; fileRef = B76B77E51D281C7C0093657C /* q013-roman-to-integer.swift */; };
		B76B78131D281C7C0093657C /* q021-merge-two-sorted-lists.swift in Sources */ = {isa = PBXBuildFile; fileRef = B76B77E61D281C7C0093657C /* q021-merge-two-sorted-lists.swift */; };
		B76B78141D281C7C0093657C /* q024-swap-nodes-in-pairs.swift in Sources */ = {isa = PBXBuildFile; fileRef = B76B77E71D281C7C0093657C /* q024-swap-nodes-in-pairs.swift */; };
		B76B78151D281C7C0093657C /* q070-climbing-stairs.swift in Sources */ = {isa = PBXBuildFile; fileRef = B76B77E81D281C7C0093657C /* q070-climbing-stairs.swift */; };
		B76B78161D281C7C0093657C /* q083-remove-duplicates-from-sorted-list.swift in Sources */ = {isa = PBXBuildFile; fileRef = B76B77E91D281C7C0093657C /* q083-remove-duplicates-from-sorted-list.swift */; };
		B76B78171D281C7C0093657C /* q100-same-tree.swift in Sources */ = {isa = PBXBuildFile; fileRef = B76B77EA1D281C7C0093657C /* q100-same-tree.swift */; };
		B76B78181D281C7C0093657C /* q104-maximum-depth-of-binary-tree.swift in Sources */ = {isa = PBXBuildFile; fileRef = B76B77EB1D281C7C0093657C /* q104-maximum-depth-of-binary-tree.swift */; };
		B76B78191D281C7C0093657C /* q121-best-time-to-buy-and-sell-stock.swift in Sources */ = {isa = PBXBuildFile; fileRef = B76B77EC1D281C7C0093657C /* q121-best-time-to-buy-and-sell-stock.swift */; };
		B76B781A1D281C7C0093657C /* q141-linked-list-cycle.swift in Sources */ = {isa = PBXBuildFile; fileRef = B76B77ED1D281C7C0093657C /* q141-linked-list-cycle.swift */; };
		B76B781B1D281C7C0093657C /* q160-majority-element.swift in Sources */ = {isa = PBXBuildFile; fileRef = B76B77EE1D281C7C0093657C /* q160-majority-element.swift */; };
		B76B781C1D281C7C0093657C /* q171-excel-sheet-column-number.swift in Sources */ = {isa = PBXBuildFile; fileRef = B76B77EF1D281C7C0093657C /* q171-excel-sheet-column-number.swift */; };
		B76B781D1D281C7C0093657C /* q191-number-of-1-bits.swift in Sources */ = {isa = PBXBuildFile; fileRef = B76B77F11D281C7C0093657C /* q191-number-of-1-bits.swift */; };
		B76B781E1D281C7C0093657C /* q202-happy-number.swift in Sources */ = {isa = PBXBuildFile; fileRef = B76B77F21D281C7C0093657C /* q202-happy-number.swift */; };
		B76B781F1D281C7C0093657C /* q206-reverse-linked-list.swift in Sources */ = {isa = PBXBuildFile; fileRef = B76B77F31D281C7C0093657C /* q206-reverse-linked-list.swift */; };
		B76B78201D281C7C0093657C /* q217-contains-duplicate.swift in Sources */ = {isa = PBXBuildFile; fileRef = B76B77F41D281C7C0093657C /* q217-contains-duplicate.swift */; };
		B76B78211D281C7C0093657C /* q226-invert-binary-tree.swift in Sources */ = {isa = PBXBuildFile; fileRef = B76B77F51D281C7C0093657C /* q226-invert-binary-tree.swift */; };
		B76B78221D281C7C0093657C /* q231-power-of-two.swift in Sources */ = {isa = PBXBuildFile; fileRef = B76B77F61D281C7C0093657C /* q231-power-of-two.swift */; };
		B76B78231D281C7C0093657C /* q235-lowest-common-ancestor-of-a-binary-search-tree.swift in Sources */ = {isa = PBXBuildFile; fileRef = B76B77F81D281C7C0093657C /* q235-lowest-common-ancestor-of-a-binary-search-tree.swift */; };
		B76B78241D281C7C0093657C /* q237-delete-node-in-a-linked-list.swift in Sources */ = {isa = PBXBuildFile; fileRef = B76B77FA1D281C7C0093657C /* q237-delete-node-in-a-linked-list.swift */; };
		B76B78251D281C7C0093657C /* q242-valid-anagram.swift in Sources */ = {isa = PBXBuildFile; fileRef = B76B77FB1D281C7C0093657C /* q242-valid-anagram.swift */; };
		B76B78261D281C7C0093657C /* q258-add-digits.swift in Sources */ = {isa = PBXBuildFile; fileRef = B76B77FC1D281C7C0093657C /* q258-add-digits.swift */; };
		B76B78271D281C7C0093657C /* q263-ugly-number.swift in Sources */ = {isa = PBXBuildFile; fileRef = B76B77FD1D281C7C0093657C /* q263-ugly-number.swift */; };
		B76B78281D281C7C0093657C /* q283-move-zeroes.swift in Sources */ = {isa = PBXBuildFile; fileRef = B76B77FE1D281C7C0093657C /* q283-move-zeroes.swift */; };
		B76B78291D281C7C0093657C /* q292-nim-games.swift in Sources */ = {isa = PBXBuildFile; fileRef = B76B77FF1D281C7C0093657C /* q292-nim-games.swift */; };
		B76B782A1D281C7C0093657C /* q326-power-of-three.swift in Sources */ = {isa = PBXBuildFile; fileRef = B76B78001D281C7C0093657C /* q326-power-of-three.swift */; };
		B76B782B1D281C7C0093657C /* q334-everse-string.swift in Sources */ = {isa = PBXBuildFile; fileRef = B76B78011D281C7C0093657C /* q334-everse-string.swift */; };
		B76B782C1D281C7C0093657C /* q345-reverse-vowels-of-a-string.swift in Sources */ = {isa = PBXBuildFile; fileRef = B76B78021D281C7C0093657C /* q345-reverse-vowels-of-a-string.swift */; };
		B76B782D1D281C7C0093657C /* q349-Intersection-of-two-arrays.swift in Sources */ = {isa = PBXBuildFile; fileRef = B76B78031D281C7C0093657C /* q349-Intersection-of-two-arrays.swift */; };
		B76B782E1D281C7C0093657C /* q350-intersection-of-two-arrays-ii.swift in Sources */ = {isa = PBXBuildFile; fileRef = B76B78041D281C7C0093657C /* q350-intersection-of-two-arrays-ii.swift */; };
		B76B782F1D281C7C0093657C /* q371-sum-of-two-integers.swift in Sources */ = {isa = PBXBuildFile; fileRef = B76B78051D281C7C0093657C /* q371-sum-of-two-integers.swift */; };
		B76B78301D281C7C0093657C /* q122-best-time-to-buy-and-sell-stock-ii.swift in Sources */ = {isa = PBXBuildFile; fileRef = B76B78081D281C7C0093657C /* q122-best-time-to-buy-and-sell-stock-ii.swift */; };
		B76B78311D281C7C0093657C /* BinaryTreeHelper.swift in Sources */ = {isa = PBXBuildFile; fileRef = B76B780A1D281C7C0093657C /* BinaryTreeHelper.swift */; };
		B76B78321D281C7C0093657C /* LinkedListHelper.swift in Sources */ = {isa = PBXBuildFile; fileRef = B76B780B1D281C7C0093657C /* LinkedListHelper.swift */; };
		B76B78331D281C7C0093657C /* ListNode.swift in Sources */ = {isa = PBXBuildFile; fileRef = B76B780C1D281C7C0093657C /* ListNode.swift */; };
		B76B78341D281C7C0093657C /* main.swift in Sources */ = {isa = PBXBuildFile; fileRef = B76B780D1D281C7C0093657C /* main.swift */; };
		B76B78351D281C7C0093657C /* TreeNode.swift in Sources */ = {isa = PBXBuildFile; fileRef = B76B780E1D281C7C0093657C /* TreeNode.swift */; };
		B76B78361D281C7C0093657C /* template.swift in Sources */ = {isa = PBXBuildFile; fileRef = B76B78111D281C7C0093657C /* template.swift */; };
		B76B78381D28B3A90093657C /* q198-house-robber.swift in Sources */ = {isa = PBXBuildFile; fileRef = B76B78371D28B3A90093657C /* q198-house-robber.swift */; };
		B76B783A1D28BBD90093657C /* q213-house-robber-ii.swift in Sources */ = {isa = PBXBuildFile; fileRef = B76B78391D28BBD90093657C /* q213-house-robber-ii.swift */; };
		B76B783C1D28F24C0093657C /* q102-binary-tree-level-order-traversal.swift in Sources */ = {isa = PBXBuildFile; fileRef = B76B783B1D28F24C0093657C /* q102-binary-tree-level-order-traversal.swift */; };
		B76B783E1D2903150093657C /* q107-binary-tree-level-order-traversal-ii.swift in Sources */ = {isa = PBXBuildFile; fileRef = B76B783D1D2903150093657C /* q107-binary-tree-level-order-traversal-ii.swift */; };
		B76B78401D290CD90093657C /* q103-binary-tree-zigzag-level-order-traversal.swift in Sources */ = {isa = PBXBuildFile; fileRef = B76B783F1D290CD90093657C /* q103-binary-tree-zigzag-level-order-traversal.swift */; };
		B76B78421D292ADD0093657C /* q111-minimum-depth-of-binary-tree.swift in Sources */ = {isa = PBXBuildFile; fileRef = B76B78411D292ADD0093657C /* q111-minimum-depth-of-binary-tree.swift */; };
		B76B78441D29323D0093657C /* q342-power-of-four.swift in Sources */ = {isa = PBXBuildFile; fileRef = B76B78431D29323D0093657C /* q342-power-of-four.swift */; };
		B76B78461D294D910093657C /* q27-remove-element.swift in Sources */ = {isa = PBXBuildFile; fileRef = B76B78451D294D910093657C /* q27-remove-element.swift */; };
		B76B78481D295B510093657C /* q101-symmetric-tree.swift in Sources */ = {isa = PBXBuildFile; fileRef = B76B78471D295B510093657C /* q101-symmetric-tree.swift */; };
		B76B784A1D2974370093657C /* q66-plus-one.swift in Sources */ = {isa = PBXBuildFile; fileRef = B76B78491D2974370093657C /* q66-plus-one.swift */; };
		B76B784C1D298C890093657C /* q110-balanced-binary-tree.swift in Sources */ = {isa = PBXBuildFile; fileRef = B76B784B1D298C890093657C /* q110-balanced-binary-tree.swift */; };
		B76B784E1D2A017F0093657C /* q232-implement-queue-using-stacks.swift in Sources */ = {isa = PBXBuildFile; fileRef = B76B784D1D2A017F0093657C /* q232-implement-queue-using-stacks.swift */; };
		B76B78501D2A07900093657C /* q118-pascals-triangle.swift in Sources */ = {isa = PBXBuildFile; fileRef = B76B784F1D2A07900093657C /* q118-pascals-triangle.swift */; };
		B76B78521D2A0B2A0093657C /* q26-remove-duplicates-from-sorted-array.swift in Sources */ = {isa = PBXBuildFile; fileRef = B76B78511D2A0B2A0093657C /* q26-remove-duplicates-from-sorted-array.swift */; };
		B76B78541D2A0EB00093657C /* q172-factorial-trailing-zeroes.swift in Sources */ = {isa = PBXBuildFile; fileRef = B76B78531D2A0EB00093657C /* q172-factorial-trailing-zeroes.swift */; };
		B76B78561D2A1FAD0093657C /* q119-pascals-triangle-ii.swift in Sources */ = {isa = PBXBuildFile; fileRef = B76B78551D2A1FAD0093657C /* q119-pascals-triangle-ii.swift */; };
		B76B78581D2A24630093657C /* q9-palindrome-number.swift in Sources */ = {isa = PBXBuildFile; fileRef = B76B78571D2A24630093657C /* q9-palindrome-number.swift */; };
		B76B785A1D2A2DBE0093657C /* q7-reverse-integer.swift in Sources */ = {isa = PBXBuildFile; fileRef = B76B78591D2A2DBE0093657C /* q7-reverse-integer.swift */; };
		B76B785C1D2A4D2F0093657C /* q112-path-sum.swift in Sources */ = {isa = PBXBuildFile; fileRef = B76B785B1D2A4D2F0093657C /* q112-path-sum.swift */; };
		B76B785F1D2A5C330093657C /* q36-valid-sudoku.swift in Sources */ = {isa = PBXBuildFile; fileRef = B76B785E1D2A5C330093657C /* q36-valid-sudoku.swift */; };
		B7B3206F1D2A694F004920E2 /* q225-implement-stack-using-queues.swift in Sources */ = {isa = PBXBuildFile; fileRef = B7B3206E1D2A694F004920E2 /* q225-implement-stack-using-queues.swift */; };
		B7B320711D2A8EA6004920E2 /* q299-bulls-and-cows.swift in Sources */ = {isa = PBXBuildFile; fileRef = B7B320701D2A8EA6004920E2 /* q299-bulls-and-cows.swift */; };
		B7B320731D2B4DBD004920E2 /* q223-rectangle-area.swift in Sources */ = {isa = PBXBuildFile; fileRef = B7B320721D2B4DBD004920E2 /* q223-rectangle-area.swift */; };
		B7B320751D2B679B004920E2 /* q219-contains-duplicate-ii.swift in Sources */ = {isa = PBXBuildFile; fileRef = B7B320741D2B679B004920E2 /* q219-contains-duplicate-ii.swift */; };
		B7B320771D2B6DD0004920E2 /* q205-isomorphic-strings.swift in Sources */ = {isa = PBXBuildFile; fileRef = B7B320761D2B6DD0004920E2 /* q205-isomorphic-strings.swift */; };
		B7B320791D2B8A77004920E2 /* q88-merge-sorted-array.swift in Sources */ = {isa = PBXBuildFile; fileRef = B7B320781D2B8A77004920E2 /* q88-merge-sorted-array.swift */; };
/* End PBXBuildFile section */

/* Begin PBXCopyFilesBuildPhase section */
		B76B77D51D281C190093657C /* CopyFiles */ = {
			isa = PBXCopyFilesBuildPhase;
			buildActionMask = 2147483647;
			dstPath = /usr/share/man/man1/;
			dstSubfolderSpec = 0;
			files = (
			);
			runOnlyForDeploymentPostprocessing = 1;
		};
/* End PBXCopyFilesBuildPhase section */

/* Begin PBXFileReference section */
		B76B77D71D281C190093657C /* leetcode-swift */ = {isa = PBXFileReference; explicitFileType = "compiled.mach-o.executable"; includeInIndex = 0; path = "leetcode-swift"; sourceTree = BUILT_PRODUCTS_DIR; };
		B76B77E11D281C400093657C /* util */ = {isa = PBXFileReference; lastKnownFileType = folder; path = util; sourceTree = "<group>"; };
		B76B77E21D281C560093657C /* LICENSE */ = {isa = PBXFileReference; lastKnownFileType = text; path = LICENSE; sourceTree = "<group>"; };
		B76B77E31D281C660093657C /* README.md */ = {isa = PBXFileReference; lastKnownFileType = net.daringfireball.markdown; path = README.md; sourceTree = "<group>"; };
		B76B77E51D281C7C0093657C /* q013-roman-to-integer.swift */ = {isa = PBXFileReference; fileEncoding = 4; lastKnownFileType = sourcecode.swift; path = "q013-roman-to-integer.swift"; sourceTree = "<group>"; };
		B76B77E61D281C7C0093657C /* q021-merge-two-sorted-lists.swift */ = {isa = PBXFileReference; fileEncoding = 4; lastKnownFileType = sourcecode.swift; path = "q021-merge-two-sorted-lists.swift"; sourceTree = "<group>"; };
		B76B77E71D281C7C0093657C /* q024-swap-nodes-in-pairs.swift */ = {isa = PBXFileReference; fileEncoding = 4; lastKnownFileType = sourcecode.swift; path = "q024-swap-nodes-in-pairs.swift"; sourceTree = "<group>"; };
		B76B77E81D281C7C0093657C /* q070-climbing-stairs.swift */ = {isa = PBXFileReference; fileEncoding = 4; lastKnownFileType = sourcecode.swift; path = "q070-climbing-stairs.swift"; sourceTree = "<group>"; };
		B76B77E91D281C7C0093657C /* q083-remove-duplicates-from-sorted-list.swift */ = {isa = PBXFileReference; fileEncoding = 4; lastKnownFileType = sourcecode.swift; path = "q083-remove-duplicates-from-sorted-list.swift"; sourceTree = "<group>"; };
		B76B77EA1D281C7C0093657C /* q100-same-tree.swift */ = {isa = PBXFileReference; fileEncoding = 4; lastKnownFileType = sourcecode.swift; path = "q100-same-tree.swift"; sourceTree = "<group>"; };
		B76B77EB1D281C7C0093657C /* q104-maximum-depth-of-binary-tree.swift */ = {isa = PBXFileReference; fileEncoding = 4; lastKnownFileType = sourcecode.swift; path = "q104-maximum-depth-of-binary-tree.swift"; sourceTree = "<group>"; };
		B76B77EC1D281C7C0093657C /* q121-best-time-to-buy-and-sell-stock.swift */ = {isa = PBXFileReference; fileEncoding = 4; lastKnownFileType = sourcecode.swift; path = "q121-best-time-to-buy-and-sell-stock.swift"; sourceTree = "<group>"; };
		B76B77ED1D281C7C0093657C /* q141-linked-list-cycle.swift */ = {isa = PBXFileReference; fileEncoding = 4; lastKnownFileType = sourcecode.swift; path = "q141-linked-list-cycle.swift"; sourceTree = "<group>"; };
		B76B77EE1D281C7C0093657C /* q160-majority-element.swift */ = {isa = PBXFileReference; fileEncoding = 4; lastKnownFileType = sourcecode.swift; path = "q160-majority-element.swift"; sourceTree = "<group>"; };
		B76B77EF1D281C7C0093657C /* q171-excel-sheet-column-number.swift */ = {isa = PBXFileReference; fileEncoding = 4; lastKnownFileType = sourcecode.swift; path = "q171-excel-sheet-column-number.swift"; sourceTree = "<group>"; };
		B76B77F01D281C7C0093657C /* q191-number-of-1-bits.py */ = {isa = PBXFileReference; fileEncoding = 4; lastKnownFileType = text.script.python; path = "q191-number-of-1-bits.py"; sourceTree = "<group>"; };
		B76B77F11D281C7C0093657C /* q191-number-of-1-bits.swift */ = {isa = PBXFileReference; fileEncoding = 4; lastKnownFileType = sourcecode.swift; path = "q191-number-of-1-bits.swift"; sourceTree = "<group>"; };
		B76B77F21D281C7C0093657C /* q202-happy-number.swift */ = {isa = PBXFileReference; fileEncoding = 4; lastKnownFileType = sourcecode.swift; path = "q202-happy-number.swift"; sourceTree = "<group>"; };
		B76B77F31D281C7C0093657C /* q206-reverse-linked-list.swift */ = {isa = PBXFileReference; fileEncoding = 4; lastKnownFileType = sourcecode.swift; path = "q206-reverse-linked-list.swift"; sourceTree = "<group>"; };
		B76B77F41D281C7C0093657C /* q217-contains-duplicate.swift */ = {isa = PBXFileReference; fileEncoding = 4; lastKnownFileType = sourcecode.swift; path = "q217-contains-duplicate.swift"; sourceTree = "<group>"; };
		B76B77F51D281C7C0093657C /* q226-invert-binary-tree.swift */ = {isa = PBXFileReference; fileEncoding = 4; lastKnownFileType = sourcecode.swift; path = "q226-invert-binary-tree.swift"; sourceTree = "<group>"; };
		B76B77F61D281C7C0093657C /* q231-power-of-two.swift */ = {isa = PBXFileReference; fileEncoding = 4; lastKnownFileType = sourcecode.swift; path = "q231-power-of-two.swift"; sourceTree = "<group>"; };
		B76B77F71D281C7C0093657C /* q235-lowest-common-ancestor-of-a-binary-search-tree.py */ = {isa = PBXFileReference; fileEncoding = 4; lastKnownFileType = text.script.python; path = "q235-lowest-common-ancestor-of-a-binary-search-tree.py"; sourceTree = "<group>"; };
		B76B77F81D281C7C0093657C /* q235-lowest-common-ancestor-of-a-binary-search-tree.swift */ = {isa = PBXFileReference; fileEncoding = 4; lastKnownFileType = sourcecode.swift; path = "q235-lowest-common-ancestor-of-a-binary-search-tree.swift"; sourceTree = "<group>"; };
		B76B77F91D281C7C0093657C /* q237-delete-node-in-a-linked-list.py */ = {isa = PBXFileReference; fileEncoding = 4; lastKnownFileType = text.script.python; path = "q237-delete-node-in-a-linked-list.py"; sourceTree = "<group>"; };
		B76B77FA1D281C7C0093657C /* q237-delete-node-in-a-linked-list.swift */ = {isa = PBXFileReference; fileEncoding = 4; lastKnownFileType = sourcecode.swift; path = "q237-delete-node-in-a-linked-list.swift"; sourceTree = "<group>"; };
		B76B77FB1D281C7C0093657C /* q242-valid-anagram.swift */ = {isa = PBXFileReference; fileEncoding = 4; lastKnownFileType = sourcecode.swift; path = "q242-valid-anagram.swift"; sourceTree = "<group>"; };
		B76B77FC1D281C7C0093657C /* q258-add-digits.swift */ = {isa = PBXFileReference; fileEncoding = 4; lastKnownFileType = sourcecode.swift; path = "q258-add-digits.swift"; sourceTree = "<group>"; };
		B76B77FD1D281C7C0093657C /* q263-ugly-number.swift */ = {isa = PBXFileReference; fileEncoding = 4; lastKnownFileType = sourcecode.swift; path = "q263-ugly-number.swift"; sourceTree = "<group>"; };
		B76B77FE1D281C7C0093657C /* q283-move-zeroes.swift */ = {isa = PBXFileReference; fileEncoding = 4; lastKnownFileType = sourcecode.swift; path = "q283-move-zeroes.swift"; sourceTree = "<group>"; };
		B76B77FF1D281C7C0093657C /* q292-nim-games.swift */ = {isa = PBXFileReference; fileEncoding = 4; lastKnownFileType = sourcecode.swift; path = "q292-nim-games.swift"; sourceTree = "<group>"; };
		B76B78001D281C7C0093657C /* q326-power-of-three.swift */ = {isa = PBXFileReference; fileEncoding = 4; lastKnownFileType = sourcecode.swift; path = "q326-power-of-three.swift"; sourceTree = "<group>"; };
		B76B78011D281C7C0093657C /* q334-everse-string.swift */ = {isa = PBXFileReference; fileEncoding = 4; lastKnownFileType = sourcecode.swift; path = "q334-everse-string.swift"; sourceTree = "<group>"; };
		B76B78021D281C7C0093657C /* q345-reverse-vowels-of-a-string.swift */ = {isa = PBXFileReference; fileEncoding = 4; lastKnownFileType = sourcecode.swift; path = "q345-reverse-vowels-of-a-string.swift"; sourceTree = "<group>"; };
		B76B78031D281C7C0093657C /* q349-Intersection-of-two-arrays.swift */ = {isa = PBXFileReference; fileEncoding = 4; lastKnownFileType = sourcecode.swift; path = "q349-Intersection-of-two-arrays.swift"; sourceTree = "<group>"; };
		B76B78041D281C7C0093657C /* q350-intersection-of-two-arrays-ii.swift */ = {isa = PBXFileReference; fileEncoding = 4; lastKnownFileType = sourcecode.swift; path = "q350-intersection-of-two-arrays-ii.swift"; sourceTree = "<group>"; };
		B76B78051D281C7C0093657C /* q371-sum-of-two-integers.swift */ = {isa = PBXFileReference; fileEncoding = 4; lastKnownFileType = sourcecode.swift; path = "q371-sum-of-two-integers.swift"; sourceTree = "<group>"; };
		B76B78081D281C7C0093657C /* q122-best-time-to-buy-and-sell-stock-ii.swift */ = {isa = PBXFileReference; fileEncoding = 4; lastKnownFileType = sourcecode.swift; path = "q122-best-time-to-buy-and-sell-stock-ii.swift"; sourceTree = "<group>"; };
		B76B780A1D281C7C0093657C /* BinaryTreeHelper.swift */ = {isa = PBXFileReference; fileEncoding = 4; lastKnownFileType = sourcecode.swift; path = BinaryTreeHelper.swift; sourceTree = "<group>"; };
		B76B780B1D281C7C0093657C /* LinkedListHelper.swift */ = {isa = PBXFileReference; fileEncoding = 4; lastKnownFileType = sourcecode.swift; path = LinkedListHelper.swift; sourceTree = "<group>"; };
		B76B780C1D281C7C0093657C /* ListNode.swift */ = {isa = PBXFileReference; fileEncoding = 4; lastKnownFileType = sourcecode.swift; path = ListNode.swift; sourceTree = "<group>"; };
		B76B780D1D281C7C0093657C /* main.swift */ = {isa = PBXFileReference; fileEncoding = 4; lastKnownFileType = sourcecode.swift; path = main.swift; sourceTree = "<group>"; };
		B76B780E1D281C7C0093657C /* TreeNode.swift */ = {isa = PBXFileReference; fileEncoding = 4; lastKnownFileType = sourcecode.swift; path = TreeNode.swift; sourceTree = "<group>"; };
		B76B78101D281C7C0093657C /* template.py */ = {isa = PBXFileReference; fileEncoding = 4; lastKnownFileType = text.script.python; path = template.py; sourceTree = "<group>"; };
		B76B78111D281C7C0093657C /* template.swift */ = {isa = PBXFileReference; fileEncoding = 4; lastKnownFileType = sourcecode.swift; path = template.swift; sourceTree = "<group>"; };
		B76B78371D28B3A90093657C /* q198-house-robber.swift */ = {isa = PBXFileReference; fileEncoding = 4; lastKnownFileType = sourcecode.swift; path = "q198-house-robber.swift"; sourceTree = "<group>"; };
		B76B78391D28BBD90093657C /* q213-house-robber-ii.swift */ = {isa = PBXFileReference; fileEncoding = 4; lastKnownFileType = sourcecode.swift; path = "q213-house-robber-ii.swift"; sourceTree = "<group>"; };
		B76B783B1D28F24C0093657C /* q102-binary-tree-level-order-traversal.swift */ = {isa = PBXFileReference; fileEncoding = 4; lastKnownFileType = sourcecode.swift; path = "q102-binary-tree-level-order-traversal.swift"; sourceTree = "<group>"; };
		B76B783D1D2903150093657C /* q107-binary-tree-level-order-traversal-ii.swift */ = {isa = PBXFileReference; fileEncoding = 4; lastKnownFileType = sourcecode.swift; path = "q107-binary-tree-level-order-traversal-ii.swift"; sourceTree = "<group>"; };
		B76B783F1D290CD90093657C /* q103-binary-tree-zigzag-level-order-traversal.swift */ = {isa = PBXFileReference; fileEncoding = 4; lastKnownFileType = sourcecode.swift; path = "q103-binary-tree-zigzag-level-order-traversal.swift"; sourceTree = "<group>"; };
		B76B78411D292ADD0093657C /* q111-minimum-depth-of-binary-tree.swift */ = {isa = PBXFileReference; fileEncoding = 4; lastKnownFileType = sourcecode.swift; path = "q111-minimum-depth-of-binary-tree.swift"; sourceTree = "<group>"; };
		B76B78431D29323D0093657C /* q342-power-of-four.swift */ = {isa = PBXFileReference; fileEncoding = 4; lastKnownFileType = sourcecode.swift; path = "q342-power-of-four.swift"; sourceTree = "<group>"; };
		B76B78451D294D910093657C /* q27-remove-element.swift */ = {isa = PBXFileReference; fileEncoding = 4; lastKnownFileType = sourcecode.swift; path = "q27-remove-element.swift"; sourceTree = "<group>"; };
		B76B78471D295B510093657C /* q101-symmetric-tree.swift */ = {isa = PBXFileReference; fileEncoding = 4; lastKnownFileType = sourcecode.swift; path = "q101-symmetric-tree.swift"; sourceTree = "<group>"; };
		B76B78491D2974370093657C /* q66-plus-one.swift */ = {isa = PBXFileReference; fileEncoding = 4; lastKnownFileType = sourcecode.swift; path = "q66-plus-one.swift"; sourceTree = "<group>"; };
		B76B784B1D298C890093657C /* q110-balanced-binary-tree.swift */ = {isa = PBXFileReference; fileEncoding = 4; lastKnownFileType = sourcecode.swift; path = "q110-balanced-binary-tree.swift"; sourceTree = "<group>"; };
		B76B784D1D2A017F0093657C /* q232-implement-queue-using-stacks.swift */ = {isa = PBXFileReference; fileEncoding = 4; lastKnownFileType = sourcecode.swift; path = "q232-implement-queue-using-stacks.swift"; sourceTree = "<group>"; };
		B76B784F1D2A07900093657C /* q118-pascals-triangle.swift */ = {isa = PBXFileReference; fileEncoding = 4; lastKnownFileType = sourcecode.swift; path = "q118-pascals-triangle.swift"; sourceTree = "<group>"; };
		B76B78511D2A0B2A0093657C /* q26-remove-duplicates-from-sorted-array.swift */ = {isa = PBXFileReference; fileEncoding = 4; lastKnownFileType = sourcecode.swift; path = "q26-remove-duplicates-from-sorted-array.swift"; sourceTree = "<group>"; };
		B76B78531D2A0EB00093657C /* q172-factorial-trailing-zeroes.swift */ = {isa = PBXFileReference; fileEncoding = 4; lastKnownFileType = sourcecode.swift; path = "q172-factorial-trailing-zeroes.swift"; sourceTree = "<group>"; };
		B76B78551D2A1FAD0093657C /* q119-pascals-triangle-ii.swift */ = {isa = PBXFileReference; fileEncoding = 4; lastKnownFileType = sourcecode.swift; path = "q119-pascals-triangle-ii.swift"; sourceTree = "<group>"; };
		B76B78571D2A24630093657C /* q9-palindrome-number.swift */ = {isa = PBXFileReference; fileEncoding = 4; lastKnownFileType = sourcecode.swift; path = "q9-palindrome-number.swift"; sourceTree = "<group>"; };
		B76B78591D2A2DBE0093657C /* q7-reverse-integer.swift */ = {isa = PBXFileReference; fileEncoding = 4; lastKnownFileType = sourcecode.swift; path = "q7-reverse-integer.swift"; sourceTree = "<group>"; };
		B76B785B1D2A4D2F0093657C /* q112-path-sum.swift */ = {isa = PBXFileReference; fileEncoding = 4; lastKnownFileType = sourcecode.swift; path = "q112-path-sum.swift"; sourceTree = "<group>"; };
		B76B785E1D2A5C330093657C /* q36-valid-sudoku.swift */ = {isa = PBXFileReference; fileEncoding = 4; lastKnownFileType = sourcecode.swift; path = "q36-valid-sudoku.swift"; sourceTree = "<group>"; };
		B7B3206E1D2A694F004920E2 /* q225-implement-stack-using-queues.swift */ = {isa = PBXFileReference; fileEncoding = 4; lastKnownFileType = sourcecode.swift; path = "q225-implement-stack-using-queues.swift"; sourceTree = "<group>"; };
		B7B320701D2A8EA6004920E2 /* q299-bulls-and-cows.swift */ = {isa = PBXFileReference; fileEncoding = 4; lastKnownFileType = sourcecode.swift; path = "q299-bulls-and-cows.swift"; sourceTree = "<group>"; };
		B7B320721D2B4DBD004920E2 /* q223-rectangle-area.swift */ = {isa = PBXFileReference; fileEncoding = 4; lastKnownFileType = sourcecode.swift; path = "q223-rectangle-area.swift"; sourceTree = "<group>"; };
		B7B320741D2B679B004920E2 /* q219-contains-duplicate-ii.swift */ = {isa = PBXFileReference; fileEncoding = 4; lastKnownFileType = sourcecode.swift; path = "q219-contains-duplicate-ii.swift"; sourceTree = "<group>"; };
		B7B320761D2B6DD0004920E2 /* q205-isomorphic-strings.swift */ = {isa = PBXFileReference; fileEncoding = 4; lastKnownFileType = sourcecode.swift; path = "q205-isomorphic-strings.swift"; sourceTree = "<group>"; };
		B7B320781D2B8A77004920E2 /* q88-merge-sorted-array.swift */ = {isa = PBXFileReference; fileEncoding = 4; lastKnownFileType = sourcecode.swift; path = "q88-merge-sorted-array.swift"; sourceTree = "<group>"; };
/* End PBXFileReference section */

/* Begin PBXFrameworksBuildPhase section */
		B76B77D41D281C190093657C /* Frameworks */ = {
			isa = PBXFrameworksBuildPhase;
			buildActionMask = 2147483647;
			files = (
			);
			runOnlyForDeploymentPostprocessing = 0;
		};
/* End PBXFrameworksBuildPhase section */

/* Begin PBXGroup section */
		B76B77CE1D281C190093657C = {
			isa = PBXGroup;
			children = (
				B76B77E21D281C560093657C /* LICENSE */,
				B76B77E31D281C660093657C /* README.md */,
				B76B77D91D281C190093657C /* leetcode-swift */,
				B76B77E11D281C400093657C /* util */,
				B76B77D81D281C190093657C /* Products */,
			);
			sourceTree = "<group>";
		};
		B76B77D81D281C190093657C /* Products */ = {
			isa = PBXGroup;
			children = (
				B76B77D71D281C190093657C /* leetcode-swift */,
			);
			name = Products;
			sourceTree = "<group>";
		};
		B76B77D91D281C190093657C /* leetcode-swift */ = {
			isa = PBXGroup;
			children = (
				B76B77E41D281C7C0093657C /* Easy */,
				B76B78061D281C7C0093657C /* Hard */,
				B76B78071D281C7C0093657C /* Medium */,
				B76B78091D281C7C0093657C /* Shared */,
				B76B780F1D281C7C0093657C /* Template */,
			);
			path = "leetcode-swift";
			sourceTree = "<group>";
		};
		B76B77E41D281C7C0093657C /* Easy */ = {
			isa = PBXGroup;
			children = (
				B76B77E51D281C7C0093657C /* q013-roman-to-integer.swift */,
				B76B77E61D281C7C0093657C /* q021-merge-two-sorted-lists.swift */,
				B76B77E71D281C7C0093657C /* q024-swap-nodes-in-pairs.swift */,
				B76B77E81D281C7C0093657C /* q070-climbing-stairs.swift */,
				B76B77E91D281C7C0093657C /* q083-remove-duplicates-from-sorted-list.swift */,
				B76B77EA1D281C7C0093657C /* q100-same-tree.swift */,
				B76B783B1D28F24C0093657C /* q102-binary-tree-level-order-traversal.swift */,
				B76B77EB1D281C7C0093657C /* q104-maximum-depth-of-binary-tree.swift */,
				B76B783D1D2903150093657C /* q107-binary-tree-level-order-traversal-ii.swift */,
				B76B78411D292ADD0093657C /* q111-minimum-depth-of-binary-tree.swift */,
				B76B77EC1D281C7C0093657C /* q121-best-time-to-buy-and-sell-stock.swift */,
				B76B77ED1D281C7C0093657C /* q141-linked-list-cycle.swift */,
				B76B77EE1D281C7C0093657C /* q160-majority-element.swift */,
				B76B77EF1D281C7C0093657C /* q171-excel-sheet-column-number.swift */,
				B76B77F01D281C7C0093657C /* q191-number-of-1-bits.py */,
				B76B77F11D281C7C0093657C /* q191-number-of-1-bits.swift */,
				B76B78371D28B3A90093657C /* q198-house-robber.swift */,
				B76B77F21D281C7C0093657C /* q202-happy-number.swift */,
				B76B77F31D281C7C0093657C /* q206-reverse-linked-list.swift */,
				B76B77F41D281C7C0093657C /* q217-contains-duplicate.swift */,
				B76B77F51D281C7C0093657C /* q226-invert-binary-tree.swift */,
				B76B77F61D281C7C0093657C /* q231-power-of-two.swift */,
				B76B77F71D281C7C0093657C /* q235-lowest-common-ancestor-of-a-binary-search-tree.py */,
				B76B77F81D281C7C0093657C /* q235-lowest-common-ancestor-of-a-binary-search-tree.swift */,
				B76B77F91D281C7C0093657C /* q237-delete-node-in-a-linked-list.py */,
				B76B77FA1D281C7C0093657C /* q237-delete-node-in-a-linked-list.swift */,
				B76B77FB1D281C7C0093657C /* q242-valid-anagram.swift */,
				B76B77FC1D281C7C0093657C /* q258-add-digits.swift */,
				B76B77FD1D281C7C0093657C /* q263-ugly-number.swift */,
				B76B77FE1D281C7C0093657C /* q283-move-zeroes.swift */,
				B76B77FF1D281C7C0093657C /* q292-nim-games.swift */,
				B76B78001D281C7C0093657C /* q326-power-of-three.swift */,
				B76B78011D281C7C0093657C /* q334-everse-string.swift */,
				B76B78021D281C7C0093657C /* q345-reverse-vowels-of-a-string.swift */,
				B76B78031D281C7C0093657C /* q349-Intersection-of-two-arrays.swift */,
				B76B78041D281C7C0093657C /* q350-intersection-of-two-arrays-ii.swift */,
				B76B78051D281C7C0093657C /* q371-sum-of-two-integers.swift */,
				B76B78431D29323D0093657C /* q342-power-of-four.swift */,
				B76B78451D294D910093657C /* q27-remove-element.swift */,
				B76B78471D295B510093657C /* q101-symmetric-tree.swift */,
				B76B78491D2974370093657C /* q66-plus-one.swift */,
				B76B784B1D298C890093657C /* q110-balanced-binary-tree.swift */,
				B76B784D1D2A017F0093657C /* q232-implement-queue-using-stacks.swift */,
				B76B784F1D2A07900093657C /* q118-pascals-triangle.swift */,
				B76B78511D2A0B2A0093657C /* q26-remove-duplicates-from-sorted-array.swift */,
				B76B78531D2A0EB00093657C /* q172-factorial-trailing-zeroes.swift */,
				B76B78551D2A1FAD0093657C /* q119-pascals-triangle-ii.swift */,
				B76B78571D2A24630093657C /* q9-palindrome-number.swift */,
				B76B78591D2A2DBE0093657C /* q7-reverse-integer.swift */,
				B76B785B1D2A4D2F0093657C /* q112-path-sum.swift */,
				B76B785E1D2A5C330093657C /* q36-valid-sudoku.swift */,
				B7B3206E1D2A694F004920E2 /* q225-implement-stack-using-queues.swift */,
				B7B320701D2A8EA6004920E2 /* q299-bulls-and-cows.swift */,
				B7B320721D2B4DBD004920E2 /* q223-rectangle-area.swift */,
				B7B320741D2B679B004920E2 /* q219-contains-duplicate-ii.swift */,
				B7B320761D2B6DD0004920E2 /* q205-isomorphic-strings.swift */,
				B7B320781D2B8A77004920E2 /* q88-merge-sorted-array.swift */,
			);
			path = Easy;
			sourceTree = "<group>";
		};
		B76B78061D281C7C0093657C /* Hard */ = {
			isa = PBXGroup;
			children = (
			);
			path = Hard;
			sourceTree = "<group>";
		};
		B76B78071D281C7C0093657C /* Medium */ = {
			isa = PBXGroup;
			children = (
				B76B78081D281C7C0093657C /* q122-best-time-to-buy-and-sell-stock-ii.swift */,
				B76B78391D28BBD90093657C /* q213-house-robber-ii.swift */,
				B76B783F1D290CD90093657C /* q103-binary-tree-zigzag-level-order-traversal.swift */,
			);
			path = Medium;
			sourceTree = "<group>";
		};
		B76B78091D281C7C0093657C /* Shared */ = {
			isa = PBXGroup;
			children = (
				B76B780A1D281C7C0093657C /* BinaryTreeHelper.swift */,
				B76B780B1D281C7C0093657C /* LinkedListHelper.swift */,
				B76B780C1D281C7C0093657C /* ListNode.swift */,
				B76B780D1D281C7C0093657C /* main.swift */,
				B76B780E1D281C7C0093657C /* TreeNode.swift */,
			);
			path = Shared;
			sourceTree = "<group>";
		};
		B76B780F1D281C7C0093657C /* Template */ = {
			isa = PBXGroup;
			children = (
				B76B78101D281C7C0093657C /* template.py */,
				B76B78111D281C7C0093657C /* template.swift */,
			);
			path = Template;
			sourceTree = "<group>";
		};
/* End PBXGroup section */

/* Begin PBXNativeTarget section */
		B76B77D61D281C190093657C /* leetcode-swift */ = {
			isa = PBXNativeTarget;
			buildConfigurationList = B76B77DE1D281C190093657C /* Build configuration list for PBXNativeTarget "leetcode-swift" */;
			buildPhases = (
				B76B77D31D281C190093657C /* Sources */,
				B76B77D41D281C190093657C /* Frameworks */,
				B76B77D51D281C190093657C /* CopyFiles */,
			);
			buildRules = (
			);
			dependencies = (
			);
			name = "leetcode-swift";
			productName = "leetcode-swift";
			productReference = B76B77D71D281C190093657C /* leetcode-swift */;
			productType = "com.apple.product-type.tool";
		};
/* End PBXNativeTarget section */

/* Begin PBXProject section */
		B76B77CF1D281C190093657C /* Project object */ = {
			isa = PBXProject;
			attributes = {
				LastSwiftUpdateCheck = 0730;
				LastUpgradeCheck = 0730;
				ORGANIZATIONNAME = "Rain Wang";
				TargetAttributes = {
					B76B77D61D281C190093657C = {
						CreatedOnToolsVersion = 7.3.1;
					};
				};
			};
			buildConfigurationList = B76B77D21D281C190093657C /* Build configuration list for PBXProject "leetcode-swift" */;
			compatibilityVersion = "Xcode 3.2";
			developmentRegion = English;
			hasScannedForEncodings = 0;
			knownRegions = (
				en,
			);
			mainGroup = B76B77CE1D281C190093657C;
			productRefGroup = B76B77D81D281C190093657C /* Products */;
			projectDirPath = "";
			projectRoot = "";
			targets = (
				B76B77D61D281C190093657C /* leetcode-swift */,
			);
		};
/* End PBXProject section */

/* Begin PBXSourcesBuildPhase section */
		B76B77D31D281C190093657C /* Sources */ = {
			isa = PBXSourcesBuildPhase;
			buildActionMask = 2147483647;
			files = (
				B76B785F1D2A5C330093657C /* q36-valid-sudoku.swift in Sources */,
				B7B320751D2B679B004920E2 /* q219-contains-duplicate-ii.swift in Sources */,
				B76B78501D2A07900093657C /* q118-pascals-triangle.swift in Sources */,
				B76B782C1D281C7C0093657C /* q345-reverse-vowels-of-a-string.swift in Sources */,
				B76B78341D281C7C0093657C /* main.swift in Sources */,
				B7B320791D2B8A77004920E2 /* q88-merge-sorted-array.swift in Sources */,
				B76B78481D295B510093657C /* q101-symmetric-tree.swift in Sources */,
				B76B78291D281C7C0093657C /* q292-nim-games.swift in Sources */,
				B7B320771D2B6DD0004920E2 /* q205-isomorphic-strings.swift in Sources */,
				B76B781F1D281C7C0093657C /* q206-reverse-linked-list.swift in Sources */,
				B76B781E1D281C7C0093657C /* q202-happy-number.swift in Sources */,
				B76B78381D28B3A90093657C /* q198-house-robber.swift in Sources */,
				B76B78541D2A0EB00093657C /* q172-factorial-trailing-zeroes.swift in Sources */,
				B76B78231D281C7C0093657C /* q235-lowest-common-ancestor-of-a-binary-search-tree.swift in Sources */,
				B76B78141D281C7C0093657C /* q024-swap-nodes-in-pairs.swift in Sources */,
				B76B784A1D2974370093657C /* q66-plus-one.swift in Sources */,
				B76B78311D281C7C0093657C /* BinaryTreeHelper.swift in Sources */,
				B76B78171D281C7C0093657C /* q100-same-tree.swift in Sources */,
				B76B78401D290CD90093657C /* q103-binary-tree-zigzag-level-order-traversal.swift in Sources */,
				B76B78181D281C7C0093657C /* q104-maximum-depth-of-binary-tree.swift in Sources */,
				B76B781D1D281C7C0093657C /* q191-number-of-1-bits.swift in Sources */,
				B76B78361D281C7C0093657C /* template.swift in Sources */,
				B76B78521D2A0B2A0093657C /* q26-remove-duplicates-from-sorted-array.swift in Sources */,
				B76B78441D29323D0093657C /* q342-power-of-four.swift in Sources */,
				B76B78351D281C7C0093657C /* TreeNode.swift in Sources */,
				B76B78301D281C7C0093657C /* q122-best-time-to-buy-and-sell-stock-ii.swift in Sources */,
				B76B78161D281C7C0093657C /* q083-remove-duplicates-from-sorted-list.swift in Sources */,
				B76B785A1D2A2DBE0093657C /* q7-reverse-integer.swift in Sources */,
				B76B78211D281C7C0093657C /* q226-invert-binary-tree.swift in Sources */,
				B76B783E1D2903150093657C /* q107-binary-tree-level-order-traversal-ii.swift in Sources */,
				B76B783C1D28F24C0093657C /* q102-binary-tree-level-order-traversal.swift in Sources */,
				B76B78191D281C7C0093657C /* q121-best-time-to-buy-and-sell-stock.swift in Sources */,
				B76B78321D281C7C0093657C /* LinkedListHelper.swift in Sources */,
				B76B781C1D281C7C0093657C /* q171-excel-sheet-column-number.swift in Sources */,
				B76B782D1D281C7C0093657C /* q349-Intersection-of-two-arrays.swift in Sources */,
				B76B785C1D2A4D2F0093657C /* q112-path-sum.swift in Sources */,
				B76B782E1D281C7C0093657C /* q350-intersection-of-two-arrays-ii.swift in Sources */,
				B76B782A1D281C7C0093657C /* q326-power-of-three.swift in Sources */,
				B76B78261D281C7C0093657C /* q258-add-digits.swift in Sources */,
				B76B781B1D281C7C0093657C /* q160-majority-element.swift in Sources */,
				B76B78221D281C7C0093657C /* q231-power-of-two.swift in Sources */,
				B76B783A1D28BBD90093657C /* q213-house-robber-ii.swift in Sources */,
				B76B78131D281C7C0093657C /* q021-merge-two-sorted-lists.swift in Sources */,
				B76B78151D281C7C0093657C /* q070-climbing-stairs.swift in Sources */,
				B76B784C1D298C890093657C /* q110-balanced-binary-tree.swift in Sources */,
				B76B781A1D281C7C0093657C /* q141-linked-list-cycle.swift in Sources */,
				B76B78561D2A1FAD0093657C /* q119-pascals-triangle-ii.swift in Sources */,
				B76B78331D281C7C0093657C /* ListNode.swift in Sources */,
				B7B3206F1D2A694F004920E2 /* q225-implement-stack-using-queues.swift in Sources */,
				B76B782F1D281C7C0093657C /* q371-sum-of-two-integers.swift in Sources */,
				B76B78421D292ADD0093657C /* q111-minimum-depth-of-binary-tree.swift in Sources */,
				B76B782B1D281C7C0093657C /* q334-everse-string.swift in Sources */,
				B76B78201D281C7C0093657C /* q217-contains-duplicate.swift in Sources */,
				B7B320711D2A8EA6004920E2 /* q299-bulls-and-cows.swift in Sources */,
				B76B784E1D2A017F0093657C /* q232-implement-queue-using-stacks.swift in Sources */,
				B7B320731D2B4DBD004920E2 /* q223-rectangle-area.swift in Sources */,
				B76B78581D2A24630093657C /* q9-palindrome-number.swift in Sources */,
				B76B78251D281C7C0093657C /* q242-valid-anagram.swift in Sources */,
				B76B78271D281C7C0093657C /* q263-ugly-number.swift in Sources */,
				B76B78461D294D910093657C /* q27-remove-element.swift in Sources */,
				B76B78241D281C7C0093657C /* q237-delete-node-in-a-linked-list.swift in Sources */,
				B76B78121D281C7C0093657C /* q013-roman-to-integer.swift in Sources */,
				B76B78281D281C7C0093657C /* q283-move-zeroes.swift in Sources */,
			);
			runOnlyForDeploymentPostprocessing = 0;
		};
/* End PBXSourcesBuildPhase section */

/* Begin XCBuildConfiguration section */
		B76B77DC1D281C190093657C /* Debug */ = {
			isa = XCBuildConfiguration;
			buildSettings = {
				ALWAYS_SEARCH_USER_PATHS = NO;
				CLANG_ANALYZER_NONNULL = YES;
				CLANG_CXX_LANGUAGE_STANDARD = "gnu++0x";
				CLANG_CXX_LIBRARY = "libc++";
				CLANG_ENABLE_MODULES = YES;
				CLANG_ENABLE_OBJC_ARC = YES;
				CLANG_WARN_BOOL_CONVERSION = YES;
				CLANG_WARN_CONSTANT_CONVERSION = YES;
				CLANG_WARN_DIRECT_OBJC_ISA_USAGE = YES_ERROR;
				CLANG_WARN_EMPTY_BODY = YES;
				CLANG_WARN_ENUM_CONVERSION = YES;
				CLANG_WARN_INT_CONVERSION = YES;
				CLANG_WARN_OBJC_ROOT_CLASS = YES_ERROR;
				CLANG_WARN_UNREACHABLE_CODE = YES;
				CLANG_WARN__DUPLICATE_METHOD_MATCH = YES;
				CODE_SIGN_IDENTITY = "-";
				COPY_PHASE_STRIP = NO;
				DEBUG_INFORMATION_FORMAT = dwarf;
				ENABLE_STRICT_OBJC_MSGSEND = YES;
				ENABLE_TESTABILITY = YES;
				GCC_C_LANGUAGE_STANDARD = gnu99;
				GCC_DYNAMIC_NO_PIC = NO;
				GCC_NO_COMMON_BLOCKS = YES;
				GCC_OPTIMIZATION_LEVEL = 0;
				GCC_PREPROCESSOR_DEFINITIONS = (
					"DEBUG=1",
					"$(inherited)",
				);
				GCC_WARN_64_TO_32_BIT_CONVERSION = YES;
				GCC_WARN_ABOUT_RETURN_TYPE = YES_ERROR;
				GCC_WARN_UNDECLARED_SELECTOR = YES;
				GCC_WARN_UNINITIALIZED_AUTOS = YES_AGGRESSIVE;
				GCC_WARN_UNUSED_FUNCTION = YES;
				GCC_WARN_UNUSED_VARIABLE = YES;
				MACOSX_DEPLOYMENT_TARGET = 10.11;
				MTL_ENABLE_DEBUG_INFO = YES;
				ONLY_ACTIVE_ARCH = YES;
				SDKROOT = macosx;
				SWIFT_OPTIMIZATION_LEVEL = "-Onone";
			};
			name = Debug;
		};
		B76B77DD1D281C190093657C /* Release */ = {
			isa = XCBuildConfiguration;
			buildSettings = {
				ALWAYS_SEARCH_USER_PATHS = NO;
				CLANG_ANALYZER_NONNULL = YES;
				CLANG_CXX_LANGUAGE_STANDARD = "gnu++0x";
				CLANG_CXX_LIBRARY = "libc++";
				CLANG_ENABLE_MODULES = YES;
				CLANG_ENABLE_OBJC_ARC = YES;
				CLANG_WARN_BOOL_CONVERSION = YES;
				CLANG_WARN_CONSTANT_CONVERSION = YES;
				CLANG_WARN_DIRECT_OBJC_ISA_USAGE = YES_ERROR;
				CLANG_WARN_EMPTY_BODY = YES;
				CLANG_WARN_ENUM_CONVERSION = YES;
				CLANG_WARN_INT_CONVERSION = YES;
				CLANG_WARN_OBJC_ROOT_CLASS = YES_ERROR;
				CLANG_WARN_UNREACHABLE_CODE = YES;
				CLANG_WARN__DUPLICATE_METHOD_MATCH = YES;
				CODE_SIGN_IDENTITY = "-";
				COPY_PHASE_STRIP = NO;
				DEBUG_INFORMATION_FORMAT = "dwarf-with-dsym";
				ENABLE_NS_ASSERTIONS = NO;
				ENABLE_STRICT_OBJC_MSGSEND = YES;
				GCC_C_LANGUAGE_STANDARD = gnu99;
				GCC_NO_COMMON_BLOCKS = YES;
				GCC_WARN_64_TO_32_BIT_CONVERSION = YES;
				GCC_WARN_ABOUT_RETURN_TYPE = YES_ERROR;
				GCC_WARN_UNDECLARED_SELECTOR = YES;
				GCC_WARN_UNINITIALIZED_AUTOS = YES_AGGRESSIVE;
				GCC_WARN_UNUSED_FUNCTION = YES;
				GCC_WARN_UNUSED_VARIABLE = YES;
				MACOSX_DEPLOYMENT_TARGET = 10.11;
				MTL_ENABLE_DEBUG_INFO = NO;
				SDKROOT = macosx;
			};
			name = Release;
		};
		B76B77DF1D281C190093657C /* Debug */ = {
			isa = XCBuildConfiguration;
			buildSettings = {
				PRODUCT_NAME = "$(TARGET_NAME)";
			};
			name = Debug;
		};
		B76B77E01D281C190093657C /* Release */ = {
			isa = XCBuildConfiguration;
			buildSettings = {
				PRODUCT_NAME = "$(TARGET_NAME)";
			};
			name = Release;
		};
/* End XCBuildConfiguration section */

/* Begin XCConfigurationList section */
		B76B77D21D281C190093657C /* Build configuration list for PBXProject "leetcode-swift" */ = {
			isa = XCConfigurationList;
			buildConfigurations = (
				B76B77DC1D281C190093657C /* Debug */,
				B76B77DD1D281C190093657C /* Release */,
			);
			defaultConfigurationIsVisible = 0;
			defaultConfigurationName = Release;
		};
		B76B77DE1D281C190093657C /* Build configuration list for PBXNativeTarget "leetcode-swift" */ = {
			isa = XCConfigurationList;
			buildConfigurations = (
				B76B77DF1D281C190093657C /* Debug */,
				B76B77E01D281C190093657C /* Release */,
			);
			defaultConfigurationIsVisible = 0;
			defaultConfigurationName = Release;
		};
/* End XCConfigurationList section */
	};
	rootObject = B76B77CF1D281C190093657C /* Project object */;
}
